
Microsoft Visual Studio Solution File, Format Version 12.00
# Visual Studio Version 17
VisualStudioVersion = 17.13.35617.110
MinimumVisualStudioVersion = 10.0.40219.1
Project("{FAE04EC0-301F-11D3-BF4B-00C04F79EFBC}") = "RAG=DeepSeek-R1-Ollama", "src\RAG=DeepSeek-R1-Ollama.csproj", "{6FBE404D-C54E-4DB7-A7AE-8E683F8119DF}"
EndProject
Global
	GlobalSection(SolutionConfigurationPlatforms) = preSolution
		Debug|Any CPU = Debug|Any CPU
		Release|Any CPU = Release|Any CPU
	EndGlobalSection
	GlobalSection(ProjectConfigurationPlatforms) = postSolution
		{6FBE404D-C54E-4DB7-A7AE-8E683F8119DF}.Debug|Any CPU.ActiveCfg = Debug|Any CPU
		{6FBE404D-C54E-4DB7-A7AE-8E683F8119DF}.Debug|Any CPU.Build.0 = Debug|Any CPU
		{6FBE404D-C54E-4DB7-A7AE-8E683F8119DF}.Release|Any CPU.ActiveCfg = Release|Any CPU
		{6FBE404D-C54E-4DB7-A7AE-8E683F8119DF}.Release|Any CPU.Build.0 = Release|Any CPU
	EndGlobalSection
	GlobalSection(SolutionProperties) = preSolution
		HideSolutionNode = FALSE
	EndGlobalSection
	GlobalSection(ExtensibilityGlobals) = postSolution
		SolutionGuid = {59207656-8A29-4923-8F28-F75ECB8F4DA9}
	EndGlobalSection
EndGlobal
