
Microsoft Visual Studio Solution File, Format Version 12.00
# Visual Studio Version 17
VisualStudioVersion = 17.13.35617.110 d17.13
MinimumVisualStudioVersion = 10.0.40219.1
Project("{FAE04EC0-301F-11D3-BF4B-00C04F79EFBC}") = "RAG=DeepSeek-R1-Ollama", "RAG=DeepSeek-R1-Ollama.csproj", "{5C014F25-E1E3-3EAC-2E84-E34E0F346AE3}"
EndProject
Global
	GlobalSection(SolutionConfigurationPlatforms) = preSolution
		Debug|Any CPU = Debug|Any CPU
		Release|Any CPU = Release|Any CPU
	EndGlobalSection
	GlobalSection(ProjectConfigurationPlatforms) = postSolution
		{5C014F25-E1E3-3EAC-2E84-E34E0F346AE3}.Debug|Any CPU.ActiveCfg = Debug|Any CPU
		{5C014F25-E1E3-3EAC-2E84-E34E0F346AE3}.Debug|Any CPU.Build.0 = Debug|Any CPU
		{5C014F25-E1E3-3EAC-2E84-E34E0F346AE3}.Release|Any CPU.ActiveCfg = Release|Any CPU
		{5C014F25-E1E3-3EAC-2E84-E34E0F346AE3}.Release|Any CPU.Build.0 = Release|Any CPU
	EndGlobalSection
	GlobalSection(SolutionProperties) = preSolution
		HideSolutionNode = FALSE
	EndGlobalSection
	GlobalSection(ExtensibilityGlobals) = postSolution
		SolutionGuid = {59207656-8A29-4923-8F28-F75ECB8F4DA9}
	EndGlobalSection
EndGlobal
